
Microsoft Visual Studio Solution File, Format Version 12.00
# Visual Studio Version 16
VisualStudioVersion = 16.0.30804.86
MinimumVisualStudioVersion = 10.0.40219.1
Project("{9A19103F-16F7-4668-BE54-9A1E7A4F7556}") = "Divisibility", "Divisibility\Divisibility.csproj", "{9F1983C3-80F7-4EA3-8F99-013E7C657320}"
EndProject
Project("{9A19103F-16F7-4668-BE54-9A1E7A4F7556}") = "DivisibilityTests", "DivisibilityTests\DivisibilityTests.csproj", "{0EFA7C5E-E12B-4BAE-BFEC-8C6A2F8078BC}"
EndProject
Global
	GlobalSection(SolutionConfigurationPlatforms) = preSolution
		Debug|Any CPU = Debug|Any CPU
		Release|Any CPU = Release|Any CPU
	EndGlobalSection
	GlobalSection(ProjectConfigurationPlatforms) = postSolution
		{9F1983C3-80F7-4EA3-8F99-013E7C657320}.Debug|Any CPU.ActiveCfg = Debug|Any CPU
		{9F1983C3-80F7-4EA3-8F99-013E7C657320}.Debug|Any CPU.Build.0 = Debug|Any CPU
		{9F1983C3-80F7-4EA3-8F99-013E7C657320}.Release|Any CPU.ActiveCfg = Release|Any CPU
		{9F1983C3-80F7-4EA3-8F99-013E7C657320}.Release|Any CPU.Build.0 = Release|Any CPU
		{0EFA7C5E-E12B-4BAE-BFEC-8C6A2F8078BC}.Debug|Any CPU.ActiveCfg = Debug|Any CPU
		{0EFA7C5E-E12B-4BAE-BFEC-8C6A2F8078BC}.Debug|Any CPU.Build.0 = Debug|Any CPU
		{0EFA7C5E-E12B-4BAE-BFEC-8C6A2F8078BC}.Release|Any CPU.ActiveCfg = Release|Any CPU
		{0EFA7C5E-E12B-4BAE-BFEC-8C6A2F8078BC}.Release|Any CPU.Build.0 = Release|Any CPU
	EndGlobalSection
	GlobalSection(SolutionProperties) = preSolution
		HideSolutionNode = FALSE
	EndGlobalSection
	GlobalSection(ExtensibilityGlobals) = postSolution
		SolutionGuid = {F6C6CC22-A708-4C84-9AEB-B05B773AA270}
	EndGlobalSection
EndGlobal
